
Microsoft Visual Studio Solution File, Format Version 12.00
# Visual Studio Version 16
VisualStudioVersion = 16.0.32602.291
MinimumVisualStudioVersion = 10.0.40219.1
Project("{FAE04EC0-301F-11D3-BF4B-00C04F79EFBC}") = "BankingSystem", "BankingSystem\BankingSystem.csproj", "{55C4C70A-1417-4F35-92AF-E75B8DF920EA}"
EndProject
Project("{FAE04EC0-301F-11D3-BF4B-00C04F79EFBC}") = "BankingSystem.Tests", "BankingSystem.Tests\BankingSystem.Tests.csproj", "{AB2648AB-AF1A-4C06-B3B1-17D26268ED0F}"
EndProject
Global
	GlobalSection(SolutionConfigurationPlatforms) = preSolution
		Debug|Any CPU = Debug|Any CPU
		Release|Any CPU = Release|Any CPU
	EndGlobalSection
	GlobalSection(ProjectConfigurationPlatforms) = postSolution
		{55C4C70A-1417-4F35-92AF-E75B8DF920EA}.Debug|Any CPU.ActiveCfg = Debug|Any CPU
		{55C4C70A-1417-4F35-92AF-E75B8DF920EA}.Debug|Any CPU.Build.0 = Debug|Any CPU
		{55C4C70A-1417-4F35-92AF-E75B8DF920EA}.Release|Any CPU.ActiveCfg = Release|Any CPU
		{55C4C70A-1417-4F35-92AF-E75B8DF920EA}.Release|Any CPU.Build.0 = Release|Any CPU
		{AB2648AB-AF1A-4C06-B3B1-17D26268ED0F}.Debug|Any CPU.ActiveCfg = Debug|Any CPU
		{AB2648AB-AF1A-4C06-B3B1-17D26268ED0F}.Debug|Any CPU.Build.0 = Debug|Any CPU
		{AB2648AB-AF1A-4C06-B3B1-17D26268ED0F}.Release|Any CPU.ActiveCfg = Release|Any CPU
		{AB2648AB-AF1A-4C06-B3B1-17D26268ED0F}.Release|Any CPU.Build.0 = Release|Any CPU
	EndGlobalSection
	GlobalSection(SolutionProperties) = preSolution
		HideSolutionNode = FALSE
	EndGlobalSection
	GlobalSection(ExtensibilityGlobals) = postSolution
		SolutionGuid = {6C33339E-F365-487D-BE54-5E84091BEA29}
	EndGlobalSection
EndGlobal
